
Microsoft Visual Studio Solution File, Format Version 12.00
# Visual Studio 2013
VisualStudioVersion = 12.0.30501.0
MinimumVisualStudioVersion = 10.0.40219.1
Project("{FAE04EC0-301F-11D3-BF4B-00C04F79EFBC}") = "Work", "DZYWork\Work.csproj", "{72C10951-6ADE-4340-867B-8053F18C4946}"
EndProject
Project("{FAE04EC0-301F-11D3-BF4B-00C04F79EFBC}") = "DB", "DB\DB.csproj", "{364720C0-7DC7-4EC9-8128-DEA3254F639B}"
EndProject
Global
	GlobalSection(SolutionConfigurationPlatforms) = preSolution
		Debug|Any CPU = Debug|Any CPU
		Release|Any CPU = Release|Any CPU
	EndGlobalSection
	GlobalSection(ProjectConfigurationPlatforms) = postSolution
		{72C10951-6ADE-4340-867B-8053F18C4946}.Debug|Any CPU.ActiveCfg = Debug|Any CPU
		{72C10951-6ADE-4340-867B-8053F18C4946}.Debug|Any CPU.Build.0 = Debug|Any CPU
		{72C10951-6ADE-4340-867B-8053F18C4946}.Release|Any CPU.ActiveCfg = Release|Any CPU
		{72C10951-6ADE-4340-867B-8053F18C4946}.Release|Any CPU.Build.0 = Release|Any CPU
		{364720C0-7DC7-4EC9-8128-DEA3254F639B}.Debug|Any CPU.ActiveCfg = Debug|Any CPU
		{364720C0-7DC7-4EC9-8128-DEA3254F639B}.Debug|Any CPU.Build.0 = Debug|Any CPU
		{364720C0-7DC7-4EC9-8128-DEA3254F639B}.Release|Any CPU.ActiveCfg = Release|Any CPU
		{364720C0-7DC7-4EC9-8128-DEA3254F639B}.Release|Any CPU.Build.0 = Release|Any CPU
	EndGlobalSection
	GlobalSection(SolutionProperties) = preSolution
		HideSolutionNode = FALSE
	EndGlobalSection
EndGlobal
